
Microsoft Visual Studio Solution File, Format Version 12.00
# Visual Studio Version 16
VisualStudioVersion = 16.0.31112.23
MinimumVisualStudioVersion = 10.0.40219.1
Project("{8BC9CEB8-8B4A-11D0-8D11-00A0C91BC942}") = "SAOD_Lab1", "SAOD_Lab1\SAOD_Lab1.vcxproj", "{E44A4B2B-49CA-4C83-AFE2-0266A9A52E5A}"
EndProject
Project("{8BC9CEB8-8B4A-11D0-8D11-00A0C91BC942}") = "SAOD_Lab2", "SAOD_Lab2\SAOD_Lab2.vcxproj", "{76D95580-3D09-4BE3-A3B4-ECD1D884A0F4}"
EndProject
Project("{8BC9CEB8-8B4A-11D0-8D11-00A0C91BC942}") = "SAOD_Lab3", "SAOD_Lab3\SAOD_Lab3.vcxproj", "{114E520B-91EE-4614-8851-DD570C23A67F}"
EndProject
Project("{8BC9CEB8-8B4A-11D0-8D11-00A0C91BC942}") = "SAOD_Lab4", "SAOD_Lab4\SAOD_Lab4.vcxproj", "{AE8DE53C-5CA7-49A5-BE49-6521ADA2FBF4}"
EndProject
Project("{8BC9CEB8-8B4A-11D0-8D11-00A0C91BC942}") = "SAOD_Lab5", "SAOD_Lab5\SAOD_Lab5.vcxproj", "{432D88EC-A3DE-4883-A57F-DE48542EE6B6}"
EndProject
Project("{8BC9CEB8-8B4A-11D0-8D11-00A0C91BC942}") = "SAOD_Lab6", "SAOD_Lab6\SAOD_Lab6.vcxproj", "{D151C778-8B1B-472B-B9D5-646D617266CF}"
EndProject
Project("{8BC9CEB8-8B4A-11D0-8D11-00A0C91BC942}") = "SAOD_Lab7", "SAOD_Lab7\SAOD_Lab7.vcxproj", "{B4C31447-D2E7-4231-8EA9-47CC0FB94482}"
EndProject
Project("{8BC9CEB8-8B4A-11D0-8D11-00A0C91BC942}") = "SAOD_Lab8", "SAOD_Lab8\SAOD_Lab8.vcxproj", "{CB523767-8AF8-4D7B-B207-6E56DEF8A232}"
EndProject
Project("{8BC9CEB8-8B4A-11D0-8D11-00A0C91BC942}") = "SAOD_Lab9", "SAOD_Lab9\SAOD_Lab9.vcxproj", "{B9BE75D1-5853-4D1C-AAD1-4DAA0B466F2B}"
EndProject
Project("{8BC9CEB8-8B4A-11D0-8D11-00A0C91BC942}") = "SAOD_Lab10", "SAOD_Lab10\SAOD_Lab10.vcxproj", "{A32731E4-EB01-4113-9EF7-5018A5A31390}"
EndProject
Project("{8BC9CEB8-8B4A-11D0-8D11-00A0C91BC942}") = "SAOD_Lab11", "SAOD_Lab11\SAOD_Lab11.vcxproj", "{7C8C435F-3AD2-43A6-BD29-D2D16A5CACC8}"
EndProject
Project("{8BC9CEB8-8B4A-11D0-8D11-00A0C91BC942}") = "SAOD_Lab12", "SAOD_Lab12\SAOD_Lab12.vcxproj", "{5A63104D-7749-453E-8628-FD4762F33CF8}"
EndProject
Project("{8BC9CEB8-8B4A-11D0-8D11-00A0C91BC942}") = "SAOD_Lab13", "SAOD_Lab13\SAOD_Lab13.vcxproj", "{04825C81-B8AB-40A3-97C9-BA4688264487}"
EndProject
Project("{8BC9CEB8-8B4A-11D0-8D11-00A0C91BC942}") = "SAOD_Lab14", "SAOD_Lab14\SAOD_Lab14.vcxproj", "{8B02162F-24F0-446D-8CF4-80AFD3AFF8F7}"
EndProject
Project("{8BC9CEB8-8B4A-11D0-8D11-00A0C91BC942}") = "SAOD_Lab15", "SAOD_Lab15\SAOD_Lab15.vcxproj", "{4E610C3C-9986-46E4-ABC3-56FF1C610642}"
EndProject
Project("{8BC9CEB8-8B4A-11D0-8D11-00A0C91BC942}") = "SAOD_Lab16", "SAOD_Lab16\SAOD_Lab16.vcxproj", "{8654EEE9-295D-43BF-9A1F-720C62140150}"
EndProject
Project("{8BC9CEB8-8B4A-11D0-8D11-00A0C91BC942}") = "SAOD_Lab17", "SAOD_Lab17\SAOD_Lab17.vcxproj", "{3D80134F-90C2-4767-8563-732141361AE3}"
EndProject
Project("{8BC9CEB8-8B4A-11D0-8D11-00A0C91BC942}") = "SAOD_Lab18", "SAOD_Lab18\SAOD_Lab18.vcxproj", "{AC47B6B7-5FC6-4D1B-BFEF-06F116ADD705}"
EndProject
Global
	GlobalSection(SolutionConfigurationPlatforms) = preSolution
		Debug|Any CPU = Debug|Any CPU
		Debug|x64 = Debug|x64
		Debug|x86 = Debug|x86
		Release|Any CPU = Release|Any CPU
		Release|x64 = Release|x64
		Release|x86 = Release|x86
	EndGlobalSection
	GlobalSection(ProjectConfigurationPlatforms) = postSolution
		{E44A4B2B-49CA-4C83-AFE2-0266A9A52E5A}.Debug|Any CPU.ActiveCfg = Debug|Win32
		{E44A4B2B-49CA-4C83-AFE2-0266A9A52E5A}.Debug|x64.ActiveCfg = Debug|x64
		{E44A4B2B-49CA-4C83-AFE2-0266A9A52E5A}.Debug|x64.Build.0 = Debug|x64
		{E44A4B2B-49CA-4C83-AFE2-0266A9A52E5A}.Debug|x86.ActiveCfg = Debug|Win32
		{E44A4B2B-49CA-4C83-AFE2-0266A9A52E5A}.Debug|x86.Build.0 = Debug|Win32
		{E44A4B2B-49CA-4C83-AFE2-0266A9A52E5A}.Release|Any CPU.ActiveCfg = Release|Win32
		{E44A4B2B-49CA-4C83-AFE2-0266A9A52E5A}.Release|x64.ActiveCfg = Release|x64
		{E44A4B2B-49CA-4C83-AFE2-0266A9A52E5A}.Release|x64.Build.0 = Release|x64
		{E44A4B2B-49CA-4C83-AFE2-0266A9A52E5A}.Release|x86.ActiveCfg = Release|Win32
		{E44A4B2B-49CA-4C83-AFE2-0266A9A52E5A}.Release|x86.Build.0 = Release|Win32
		{76D95580-3D09-4BE3-A3B4-ECD1D884A0F4}.Debug|Any CPU.ActiveCfg = Debug|Win32
		{76D95580-3D09-4BE3-A3B4-ECD1D884A0F4}.Debug|x64.ActiveCfg = Debug|x64
		{76D95580-3D09-4BE3-A3B4-ECD1D884A0F4}.Debug|x64.Build.0 = Debug|x64
		{76D95580-3D09-4BE3-A3B4-ECD1D884A0F4}.Debug|x86.ActiveCfg = Debug|Win32
		{76D95580-3D09-4BE3-A3B4-ECD1D884A0F4}.Debug|x86.Build.0 = Debug|Win32
		{76D95580-3D09-4BE3-A3B4-ECD1D884A0F4}.Release|Any CPU.ActiveCfg = Release|Win32
		{76D95580-3D09-4BE3-A3B4-ECD1D884A0F4}.Release|x64.ActiveCfg = Release|x64
		{76D95580-3D09-4BE3-A3B4-ECD1D884A0F4}.Release|x64.Build.0 = Release|x64
		{76D95580-3D09-4BE3-A3B4-ECD1D884A0F4}.Release|x86.ActiveCfg = Release|Win32
		{76D95580-3D09-4BE3-A3B4-ECD1D884A0F4}.Release|x86.Build.0 = Release|Win32
		{114E520B-91EE-4614-8851-DD570C23A67F}.Debug|Any CPU.ActiveCfg = Debug|Win32
		{114E520B-91EE-4614-8851-DD570C23A67F}.Debug|x64.ActiveCfg = Debug|x64
		{114E520B-91EE-4614-8851-DD570C23A67F}.Debug|x64.Build.0 = Debug|x64
		{114E520B-91EE-4614-8851-DD570C23A67F}.Debug|x86.ActiveCfg = Debug|Win32
		{114E520B-91EE-4614-8851-DD570C23A67F}.Debug|x86.Build.0 = Debug|Win32
		{114E520B-91EE-4614-8851-DD570C23A67F}.Release|Any CPU.ActiveCfg = Release|Win32
		{114E520B-91EE-4614-8851-DD570C23A67F}.Release|x64.ActiveCfg = Release|x64
		{114E520B-91EE-4614-8851-DD570C23A67F}.Release|x64.Build.0 = Release|x64
		{114E520B-91EE-4614-8851-DD570C23A67F}.Release|x86.ActiveCfg = Release|Win32
		{114E520B-91EE-4614-8851-DD570C23A67F}.Release|x86.Build.0 = Release|Win32
		{AE8DE53C-5CA7-49A5-BE49-6521ADA2FBF4}.Debug|Any CPU.ActiveCfg = Debug|Win32
		{AE8DE53C-5CA7-49A5-BE49-6521ADA2FBF4}.Debug|x64.ActiveCfg = Debug|x64
		{AE8DE53C-5CA7-49A5-BE49-6521ADA2FBF4}.Debug|x64.Build.0 = Debug|x64
		{AE8DE53C-5CA7-49A5-BE49-6521ADA2FBF4}.Debug|x86.ActiveCfg = Debug|Win32
		{AE8DE53C-5CA7-49A5-BE49-6521ADA2FBF4}.Debug|x86.Build.0 = Debug|Win32
		{AE8DE53C-5CA7-49A5-BE49-6521ADA2FBF4}.Release|Any CPU.ActiveCfg = Release|Win32
		{AE8DE53C-5CA7-49A5-BE49-6521ADA2FBF4}.Release|x64.ActiveCfg = Release|x64
		{AE8DE53C-5CA7-49A5-BE49-6521ADA2FBF4}.Release|x64.Build.0 = Release|x64
		{AE8DE53C-5CA7-49A5-BE49-6521ADA2FBF4}.Release|x86.ActiveCfg = Release|Win32
		{AE8DE53C-5CA7-49A5-BE49-6521ADA2FBF4}.Release|x86.Build.0 = Release|Win32
		{432D88EC-A3DE-4883-A57F-DE48542EE6B6}.Debug|Any CPU.ActiveCfg = Debug|Win32
		{432D88EC-A3DE-4883-A57F-DE48542EE6B6}.Debug|x64.ActiveCfg = Debug|x64
		{432D88EC-A3DE-4883-A57F-DE48542EE6B6}.Debug|x64.Build.0 = Debug|x64
		{432D88EC-A3DE-4883-A57F-DE48542EE6B6}.Debug|x86.ActiveCfg = Debug|Win32
		{432D88EC-A3DE-4883-A57F-DE48542EE6B6}.Debug|x86.Build.0 = Debug|Win32
		{432D88EC-A3DE-4883-A57F-DE48542EE6B6}.Release|Any CPU.ActiveCfg = Release|Win32
		{432D88EC-A3DE-4883-A57F-DE48542EE6B6}.Release|x64.ActiveCfg = Release|x64
		{432D88EC-A3DE-4883-A57F-DE48542EE6B6}.Release|x64.Build.0 = Release|x64
		{432D88EC-A3DE-4883-A57F-DE48542EE6B6}.Release|x86.ActiveCfg = Release|Win32
		{432D88EC-A3DE-4883-A57F-DE48542EE6B6}.Release|x86.Build.0 = Release|Win32
		{D151C778-8B1B-472B-B9D5-646D617266CF}.Debug|Any CPU.ActiveCfg = Debug|Win32
		{D151C778-8B1B-472B-B9D5-646D617266CF}.Debug|x64.ActiveCfg = Debug|x64
		{D151C778-8B1B-472B-B9D5-646D617266CF}.Debug|x64.Build.0 = Debug|x64
		{D151C778-8B1B-472B-B9D5-646D617266CF}.Debug|x86.ActiveCfg = Debug|Win32
		{D151C778-8B1B-472B-B9D5-646D617266CF}.Debug|x86.Build.0 = Debug|Win32
		{D151C778-8B1B-472B-B9D5-646D617266CF}.Release|Any CPU.ActiveCfg = Release|Win32
		{D151C778-8B1B-472B-B9D5-646D617266CF}.Release|x64.ActiveCfg = Release|x64
		{D151C778-8B1B-472B-B9D5-646D617266CF}.Release|x64.Build.0 = Release|x64
		{D151C778-8B1B-472B-B9D5-646D617266CF}.Release|x86.ActiveCfg = Release|Win32
		{D151C778-8B1B-472B-B9D5-646D617266CF}.Release|x86.Build.0 = Release|Win32
		{B4C31447-D2E7-4231-8EA9-47CC0FB94482}.Debug|Any CPU.ActiveCfg = Debug|Win32
		{B4C31447-D2E7-4231-8EA9-47CC0FB94482}.Debug|x64.ActiveCfg = Debug|x64
		{B4C31447-D2E7-4231-8EA9-47CC0FB94482}.Debug|x64.Build.0 = Debug|x64
		{B4C31447-D2E7-4231-8EA9-47CC0FB94482}.Debug|x86.ActiveCfg = Debug|Win32
		{B4C31447-D2E7-4231-8EA9-47CC0FB94482}.Debug|x86.Build.0 = Debug|Win32
		{B4C31447-D2E7-4231-8EA9-47CC0FB94482}.Release|Any CPU.ActiveCfg = Release|Win32
		{B4C31447-D2E7-4231-8EA9-47CC0FB94482}.Release|x64.ActiveCfg = Release|x64
		{B4C31447-D2E7-4231-8EA9-47CC0FB94482}.Release|x64.Build.0 = Release|x64
		{B4C31447-D2E7-4231-8EA9-47CC0FB94482}.Release|x86.ActiveCfg = Release|Win32
		{B4C31447-D2E7-4231-8EA9-47CC0FB94482}.Release|x86.Build.0 = Release|Win32
		{CB523767-8AF8-4D7B-B207-6E56DEF8A232}.Debug|Any CPU.ActiveCfg = Debug|Win32
		{CB523767-8AF8-4D7B-B207-6E56DEF8A232}.Debug|x64.ActiveCfg = Debug|x64
		{CB523767-8AF8-4D7B-B207-6E56DEF8A232}.Debug|x64.Build.0 = Debug|x64
		{CB523767-8AF8-4D7B-B207-6E56DEF8A232}.Debug|x86.ActiveCfg = Debug|Win32
		{CB523767-8AF8-4D7B-B207-6E56DEF8A232}.Debug|x86.Build.0 = Debug|Win32
		{CB523767-8AF8-4D7B-B207-6E56DEF8A232}.Release|Any CPU.ActiveCfg = Release|Win32
		{CB523767-8AF8-4D7B-B207-6E56DEF8A232}.Release|x64.ActiveCfg = Release|x64
		{CB523767-8AF8-4D7B-B207-6E56DEF8A232}.Release|x64.Build.0 = Release|x64
		{CB523767-8AF8-4D7B-B207-6E56DEF8A232}.Release|x86.ActiveCfg = Release|Win32
		{CB523767-8AF8-4D7B-B207-6E56DEF8A232}.Release|x86.Build.0 = Release|Win32
		{B9BE75D1-5853-4D1C-AAD1-4DAA0B466F2B}.Debug|Any CPU.ActiveCfg = Debug|Win32
		{B9BE75D1-5853-4D1C-AAD1-4DAA0B466F2B}.Debug|x64.ActiveCfg = Debug|x64
		{B9BE75D1-5853-4D1C-AAD1-4DAA0B466F2B}.Debug|x64.Build.0 = Debug|x64
		{B9BE75D1-5853-4D1C-AAD1-4DAA0B466F2B}.Debug|x86.ActiveCfg = Debug|Win32
		{B9BE75D1-5853-4D1C-AAD1-4DAA0B466F2B}.Debug|x86.Build.0 = Debug|Win32
		{B9BE75D1-5853-4D1C-AAD1-4DAA0B466F2B}.Release|Any CPU.ActiveCfg = Release|Win32
		{B9BE75D1-5853-4D1C-AAD1-4DAA0B466F2B}.Release|x64.ActiveCfg = Release|x64
		{B9BE75D1-5853-4D1C-AAD1-4DAA0B466F2B}.Release|x64.Build.0 = Release|x64
		{B9BE75D1-5853-4D1C-AAD1-4DAA0B466F2B}.Release|x86.ActiveCfg = Release|Win32
		{B9BE75D1-5853-4D1C-AAD1-4DAA0B466F2B}.Release|x86.Build.0 = Release|Win32
		{A32731E4-EB01-4113-9EF7-5018A5A31390}.Debug|Any CPU.ActiveCfg = Debug|Win32
		{A32731E4-EB01-4113-9EF7-5018A5A31390}.Debug|x64.ActiveCfg = Debug|x64
		{A32731E4-EB01-4113-9EF7-5018A5A31390}.Debug|x64.Build.0 = Debug|x64
		{A32731E4-EB01-4113-9EF7-5018A5A31390}.Debug|x86.ActiveCfg = Debug|Win32
		{A32731E4-EB01-4113-9EF7-5018A5A31390}.Debug|x86.Build.0 = Debug|Win32
		{A32731E4-EB01-4113-9EF7-5018A5A31390}.Release|Any CPU.ActiveCfg = Release|Win32
		{A32731E4-EB01-4113-9EF7-5018A5A31390}.Release|x64.ActiveCfg = Release|x64
		{A32731E4-EB01-4113-9EF7-5018A5A31390}.Release|x64.Build.0 = Release|x64
		{A32731E4-EB01-4113-9EF7-5018A5A31390}.Release|x86.ActiveCfg = Release|Win32
		{A32731E4-EB01-4113-9EF7-5018A5A31390}.Release|x86.Build.0 = Release|Win32
		{7C8C435F-3AD2-43A6-BD29-D2D16A5CACC8}.Debug|Any CPU.ActiveCfg = Debug|Win32
		{7C8C435F-3AD2-43A6-BD29-D2D16A5CACC8}.Debug|x64.ActiveCfg = Debug|x64
		{7C8C435F-3AD2-43A6-BD29-D2D16A5CACC8}.Debug|x64.Build.0 = Debug|x64
		{7C8C435F-3AD2-43A6-BD29-D2D16A5CACC8}.Debug|x86.ActiveCfg = Debug|Win32
		{7C8C435F-3AD2-43A6-BD29-D2D16A5CACC8}.Debug|x86.Build.0 = Debug|Win32
		{7C8C435F-3AD2-43A6-BD29-D2D16A5CACC8}.Release|Any CPU.ActiveCfg = Release|Win32
		{7C8C435F-3AD2-43A6-BD29-D2D16A5CACC8}.Release|x64.ActiveCfg = Release|x64
		{7C8C435F-3AD2-43A6-BD29-D2D16A5CACC8}.Release|x64.Build.0 = Release|x64
		{7C8C435F-3AD2-43A6-BD29-D2D16A5CACC8}.Release|x86.ActiveCfg = Release|Win32
		{7C8C435F-3AD2-43A6-BD29-D2D16A5CACC8}.Release|x86.Build.0 = Release|Win32
		{5A63104D-7749-453E-8628-FD4762F33CF8}.Debug|Any CPU.ActiveCfg = Debug|Win32
		{5A63104D-7749-453E-8628-FD4762F33CF8}.Debug|x64.ActiveCfg = Debug|x64
		{5A63104D-7749-453E-8628-FD4762F33CF8}.Debug|x64.Build.0 = Debug|x64
		{5A63104D-7749-453E-8628-FD4762F33CF8}.Debug|x86.ActiveCfg = Debug|Win32
		{5A63104D-7749-453E-8628-FD4762F33CF8}.Debug|x86.Build.0 = Debug|Win32
		{5A63104D-7749-453E-8628-FD4762F33CF8}.Release|Any CPU.ActiveCfg = Release|Win32
		{5A63104D-7749-453E-8628-FD4762F33CF8}.Release|x64.ActiveCfg = Release|x64
		{5A63104D-7749-453E-8628-FD4762F33CF8}.Release|x64.Build.0 = Release|x64
		{5A63104D-7749-453E-8628-FD4762F33CF8}.Release|x86.ActiveCfg = Release|Win32
		{5A63104D-7749-453E-8628-FD4762F33CF8}.Release|x86.Build.0 = Release|Win32
		{04825C81-B8AB-40A3-97C9-BA4688264487}.Debug|Any CPU.ActiveCfg = Debug|Win32
		{04825C81-B8AB-40A3-97C9-BA4688264487}.Debug|x64.ActiveCfg = Debug|x64
		{04825C81-B8AB-40A3-97C9-BA4688264487}.Debug|x64.Build.0 = Debug|x64
		{04825C81-B8AB-40A3-97C9-BA4688264487}.Debug|x86.ActiveCfg = Debug|Win32
		{04825C81-B8AB-40A3-97C9-BA4688264487}.Debug|x86.Build.0 = Debug|Win32
		{04825C81-B8AB-40A3-97C9-BA4688264487}.Release|Any CPU.ActiveCfg = Release|Win32
		{04825C81-B8AB-40A3-97C9-BA4688264487}.Release|x64.ActiveCfg = Release|x64
		{04825C81-B8AB-40A3-97C9-BA4688264487}.Release|x64.Build.0 = Release|x64
		{04825C81-B8AB-40A3-97C9-BA4688264487}.Release|x86.ActiveCfg = Release|Win32
		{04825C81-B8AB-40A3-97C9-BA4688264487}.Release|x86.Build.0 = Release|Win32
		{8B02162F-24F0-446D-8CF4-80AFD3AFF8F7}.Debug|Any CPU.ActiveCfg = Debug|Win32
		{8B02162F-24F0-446D-8CF4-80AFD3AFF8F7}.Debug|x64.ActiveCfg = Debug|x64
		{8B02162F-24F0-446D-8CF4-80AFD3AFF8F7}.Debug|x64.Build.0 = Debug|x64
		{8B02162F-24F0-446D-8CF4-80AFD3AFF8F7}.Debug|x86.ActiveCfg = Debug|Win32
		{8B02162F-24F0-446D-8CF4-80AFD3AFF8F7}.Debug|x86.Build.0 = Debug|Win32
		{8B02162F-24F0-446D-8CF4-80AFD3AFF8F7}.Release|Any CPU.ActiveCfg = Release|Win32
		{8B02162F-24F0-446D-8CF4-80AFD3AFF8F7}.Release|x64.ActiveCfg = Release|x64
		{8B02162F-24F0-446D-8CF4-80AFD3AFF8F7}.Release|x64.Build.0 = Release|x64
		{8B02162F-24F0-446D-8CF4-80AFD3AFF8F7}.Release|x86.ActiveCfg = Release|Win32
		{8B02162F-24F0-446D-8CF4-80AFD3AFF8F7}.Release|x86.Build.0 = Release|Win32
		{4E610C3C-9986-46E4-ABC3-56FF1C610642}.Debug|Any CPU.ActiveCfg = Debug|Win32
		{4E610C3C-9986-46E4-ABC3-56FF1C610642}.Debug|x64.ActiveCfg = Debug|x64
		{4E610C3C-9986-46E4-ABC3-56FF1C610642}.Debug|x64.Build.0 = Debug|x64
		{4E610C3C-9986-46E4-ABC3-56FF1C610642}.Debug|x86.ActiveCfg = Debug|Win32
		{4E610C3C-9986-46E4-ABC3-56FF1C610642}.Debug|x86.Build.0 = Debug|Win32
		{4E610C3C-9986-46E4-ABC3-56FF1C610642}.Release|Any CPU.ActiveCfg = Release|Win32
		{4E610C3C-9986-46E4-ABC3-56FF1C610642}.Release|x64.ActiveCfg = Release|x64
		{4E610C3C-9986-46E4-ABC3-56FF1C610642}.Release|x64.Build.0 = Release|x64
		{4E610C3C-9986-46E4-ABC3-56FF1C610642}.Release|x86.ActiveCfg = Release|Win32
		{4E610C3C-9986-46E4-ABC3-56FF1C610642}.Release|x86.Build.0 = Release|Win32
		{8654EEE9-295D-43BF-9A1F-720C62140150}.Debug|Any CPU.ActiveCfg = Debug|Win32
		{8654EEE9-295D-43BF-9A1F-720C62140150}.Debug|x64.ActiveCfg = Debug|x64
		{8654EEE9-295D-43BF-9A1F-720C62140150}.Debug|x64.Build.0 = Debug|x64
		{8654EEE9-295D-43BF-9A1F-720C62140150}.Debug|x86.ActiveCfg = Debug|Win32
		{8654EEE9-295D-43BF-9A1F-720C62140150}.Debug|x86.Build.0 = Debug|Win32
		{8654EEE9-295D-43BF-9A1F-720C62140150}.Release|Any CPU.ActiveCfg = Release|Win32
		{8654EEE9-295D-43BF-9A1F-720C62140150}.Release|x64.ActiveCfg = Release|x64
		{8654EEE9-295D-43BF-9A1F-720C62140150}.Release|x64.Build.0 = Release|x64
		{8654EEE9-295D-43BF-9A1F-720C62140150}.Release|x86.ActiveCfg = Release|Win32
		{8654EEE9-295D-43BF-9A1F-720C62140150}.Release|x86.Build.0 = Release|Win32
		{3D80134F-90C2-4767-8563-732141361AE3}.Debug|Any CPU.ActiveCfg = Debug|Win32
		{3D80134F-90C2-4767-8563-732141361AE3}.Debug|x64.ActiveCfg = Debug|x64
		{3D80134F-90C2-4767-8563-732141361AE3}.Debug|x64.Build.0 = Debug|x64
		{3D80134F-90C2-4767-8563-732141361AE3}.Debug|x86.ActiveCfg = Debug|Win32
		{3D80134F-90C2-4767-8563-732141361AE3}.Debug|x86.Build.0 = Debug|Win32
		{3D80134F-90C2-4767-8563-732141361AE3}.Release|Any CPU.ActiveCfg = Release|Win32
		{3D80134F-90C2-4767-8563-732141361AE3}.Release|x64.ActiveCfg = Release|x64
		{3D80134F-90C2-4767-8563-732141361AE3}.Release|x64.Build.0 = Release|x64
		{3D80134F-90C2-4767-8563-732141361AE3}.Release|x86.ActiveCfg = Release|Win32
		{3D80134F-90C2-4767-8563-732141361AE3}.Release|x86.Build.0 = Release|Win32
		{AC47B6B7-5FC6-4D1B-BFEF-06F116ADD705}.Debug|Any CPU.ActiveCfg = Debug|Win32
		{AC47B6B7-5FC6-4D1B-BFEF-06F116ADD705}.Debug|x64.ActiveCfg = Debug|x64
		{AC47B6B7-5FC6-4D1B-BFEF-06F116ADD705}.Debug|x64.Build.0 = Debug|x64
		{AC47B6B7-5FC6-4D1B-BFEF-06F116ADD705}.Debug|x86.ActiveCfg = Debug|Win32
		{AC47B6B7-5FC6-4D1B-BFEF-06F116ADD705}.Debug|x86.Build.0 = Debug|Win32
		{AC47B6B7-5FC6-4D1B-BFEF-06F116ADD705}.Release|Any CPU.ActiveCfg = Release|Win32
		{AC47B6B7-5FC6-4D1B-BFEF-06F116ADD705}.Release|x64.ActiveCfg = Release|x64
		{AC47B6B7-5FC6-4D1B-BFEF-06F116ADD705}.Release|x64.Build.0 = Release|x64
		{AC47B6B7-5FC6-4D1B-BFEF-06F116ADD705}.Release|x86.ActiveCfg = Release|Win32
		{AC47B6B7-5FC6-4D1B-BFEF-06F116ADD705}.Release|x86.Build.0 = Release|Win32
	EndGlobalSection
	GlobalSection(SolutionProperties) = preSolution
		HideSolutionNode = FALSE
	EndGlobalSection
	GlobalSection(ExtensibilityGlobals) = postSolution
		SolutionGuid = {C03F92F3-F7D7-4F81-BFC7-CB5CBF90316F}
	EndGlobalSection
EndGlobal
